
Microsoft Visual Studio Solution File, Format Version 12.00
# Visual Studio Express 14 for Windows Desktop
VisualStudioVersion = 14.0.25420.1
MinimumVisualStudioVersion = 10.0.40219.1
Project("{FAE04EC0-301F-11D3-BF4B-00C04F79EFBC}") = "EvalKitDebug", "EvalKitDebug\EvalKitDebug.csproj", "{EB83488B-2769-49C6-90C8-E7D1B9D63177}"
EndProject
Project("{FAE04EC0-301F-11D3-BF4B-00C04F79EFBC}") = "V5EvalKitGUI", "..\V5EvalKitGUI\V5EvalKitGUI\V5EvalKitGUI.csproj", "{A45725EF-E3D6-476F-AAC7-F83D2B2539CC}"
EndProject
Global
	GlobalSection(SolutionConfigurationPlatforms) = preSolution
		Debug|Any CPU = Debug|Any CPU
		Release|Any CPU = Release|Any CPU
	EndGlobalSection
	GlobalSection(ProjectConfigurationPlatforms) = postSolution
		{EB83488B-2769-49C6-90C8-E7D1B9D63177}.Debug|Any CPU.ActiveCfg = Debug|Any CPU
		{EB83488B-2769-49C6-90C8-E7D1B9D63177}.Debug|Any CPU.Build.0 = Debug|Any CPU
		{EB83488B-2769-49C6-90C8-E7D1B9D63177}.Release|Any CPU.ActiveCfg = Release|Any CPU
		{EB83488B-2769-49C6-90C8-E7D1B9D63177}.Release|Any CPU.Build.0 = Release|Any CPU
		{A45725EF-E3D6-476F-AAC7-F83D2B2539CC}.Debug|Any CPU.ActiveCfg = Debug|Any CPU
		{A45725EF-E3D6-476F-AAC7-F83D2B2539CC}.Debug|Any CPU.Build.0 = Debug|Any CPU
		{A45725EF-E3D6-476F-AAC7-F83D2B2539CC}.Release|Any CPU.ActiveCfg = Release|Any CPU
		{A45725EF-E3D6-476F-AAC7-F83D2B2539CC}.Release|Any CPU.Build.0 = Release|Any CPU
	EndGlobalSection
	GlobalSection(SolutionProperties) = preSolution
		HideSolutionNode = FALSE
	EndGlobalSection
EndGlobal
